// !$*UTF8*$!
{
	archiveVersion = 1;
	classes = {
	};
	objectVersion = 56;
	objects = {

/* Begin PBXBuildFile section */
		5147AB202C53FC1000573A50 /* GenericSettingsApp.swift in Sources */ = {isa = PBXBuildFile; fileRef = 5147AB1F2C53FC1000573A50 /* GenericSettingsApp.swift */; };
		5147AB222C53FC1000573A50 /* ContentView.swift in Sources */ = {isa = PBXBuildFile; fileRef = 5147AB212C53FC1000573A50 /* ContentView.swift */; };
		5147AB242C53FC1100573A50 /* Assets.xcassets in Resources */ = {isa = PBXBuildFile; fileRef = 5147AB232C53FC1100573A50 /* Assets.xcassets */; };
		5147AB272C53FC1100573A50 /* Preview Assets.xcassets in Resources */ = {isa = PBXBuildFile; fileRef = 5147AB262C53FC1100573A50 /* Preview Assets.xcassets */; };
		5147AB2E2C53FEFC00573A50 /* SettingsView.swift in Sources */ = {isa = PBXBuildFile; fileRef = 5147AB2D2C53FEFC00573A50 /* SettingsView.swift */; };
		5147AB312C53FF5D00573A50 /* Setting.swift in Sources */ = {isa = PBXBuildFile; fileRef = 5147AB302C53FF5D00573A50 /* Setting.swift */; };
		5147AB332C54010A00573A50 /* SettingImage.swift in Sources */ = {isa = PBXBuildFile; fileRef = 5147AB322C54010A00573A50 /* SettingImage.swift */; };
		5147AB382C5401CD00573A50 /* RootSettingView.swift in Sources */ = {isa = PBXBuildFile; fileRef = 5147AB372C5401CD00573A50 /* RootSettingView.swift */; };
		5147AB3A2C54022200573A50 /* ThemeSettingView.swift in Sources */ = {isa = PBXBuildFile; fileRef = 5147AB392C54022200573A50 /* ThemeSettingView.swift */; };
		5147AB402C54027E00573A50 /* WidgetSettingView.swift in Sources */ = {isa = PBXBuildFile; fileRef = 5147AB3F2C54027D00573A50 /* WidgetSettingView.swift */; };
		5147AB422C54028800573A50 /* AboutSettingView.swift in Sources */ = {isa = PBXBuildFile; fileRef = 5147AB412C54028800573A50 /* AboutSettingView.swift */; };
		5147AB442C54028F00573A50 /* TestSettingView.swift in Sources */ = {isa = PBXBuildFile; fileRef = 5147AB432C54028F00573A50 /* TestSettingView.swift */; };
/* End PBXBuildFile section */

/* Begin PBXFileReference section */
		5147AB1C2C53FC1000573A50 /* GenericSettings.app */ = {isa = PBXFileReference; explicitFileType = wrapper.application; includeInIndex = 0; path = GenericSettings.app; sourceTree = BUILT_PRODUCTS_DIR; };
		5147AB1F2C53FC1000573A50 /* GenericSettingsApp.swift */ = {isa = PBXFileReference; lastKnownFileType = sourcecode.swift; path = GenericSettingsApp.swift; sourceTree = "<group>"; };
		5147AB212C53FC1000573A50 /* ContentView.swift */ = {isa = PBXFileReference; lastKnownFileType = sourcecode.swift; path = ContentView.swift; sourceTree = "<group>"; };
		5147AB232C53FC1100573A50 /* Assets.xcassets */ = {isa = PBXFileReference; lastKnownFileType = folder.assetcatalog; path = Assets.xcassets; sourceTree = "<group>"; };
		5147AB262C53FC1100573A50 /* Preview Assets.xcassets */ = {isa = PBXFileReference; lastKnownFileType = folder.assetcatalog; path = "Preview Assets.xcassets"; sourceTree = "<group>"; };
		5147AB2D2C53FEFC00573A50 /* SettingsView.swift */ = {isa = PBXFileReference; lastKnownFileType = sourcecode.swift; path = SettingsView.swift; sourceTree = "<group>"; };
		5147AB302C53FF5D00573A50 /* Setting.swift */ = {isa = PBXFileReference; lastKnownFileType = sourcecode.swift; path = Setting.swift; sourceTree = "<group>"; };
		5147AB322C54010A00573A50 /* SettingImage.swift */ = {isa = PBXFileReference; lastKnownFileType = sourcecode.swift; path = SettingImage.swift; sourceTree = "<group>"; };
		5147AB372C5401CD00573A50 /* RootSettingView.swift */ = {isa = PBXFileReference; lastKnownFileType = sourcecode.swift; path = RootSettingView.swift; sourceTree = "<group>"; };
		5147AB392C54022200573A50 /* ThemeSettingView.swift */ = {isa = PBXFileReference; lastKnownFileType = sourcecode.swift; path = ThemeSettingView.swift; sourceTree = "<group>"; };
		5147AB3F2C54027D00573A50 /* WidgetSettingView.swift */ = {isa = PBXFileReference; lastKnownFileType = sourcecode.swift; path = WidgetSettingView.swift; sourceTree = "<group>"; };
		5147AB412C54028800573A50 /* AboutSettingView.swift */ = {isa = PBXFileReference; lastKnownFileType = sourcecode.swift; path = AboutSettingView.swift; sourceTree = "<group>"; };
		5147AB432C54028F00573A50 /* TestSettingView.swift */ = {isa = PBXFileReference; lastKnownFileType = sourcecode.swift; path = TestSettingView.swift; sourceTree = "<group>"; };
/* End PBXFileReference section */

/* Begin PBXFrameworksBuildPhase section */
		5147AB192C53FC1000573A50 /* Frameworks */ = {
			isa = PBXFrameworksBuildPhase;
			buildActionMask = 2147483647;
			files = (
			);
			runOnlyForDeploymentPostprocessing = 0;
		};
/* End PBXFrameworksBuildPhase section */

/* Begin PBXGroup section */
		5147AB132C53FC1000573A50 = {
			isa = PBXGroup;
			children = (
				5147AB1E2C53FC1000573A50 /* GenericSettings */,
				5147AB1D2C53FC1000573A50 /* Products */,
			);
			sourceTree = "<group>";
		};
		5147AB1D2C53FC1000573A50 /* Products */ = {
			isa = PBXGroup;
			children = (
				5147AB1C2C53FC1000573A50 /* GenericSettings.app */,
			);
			name = Products;
			sourceTree = "<group>";
		};
		5147AB1E2C53FC1000573A50 /* GenericSettings */ = {
			isa = PBXGroup;
			children = (
				5147AB342C54019400573A50 /* App */,
				5147AB352C54019F00573A50 /* Components */,
				5147AB2F2C53FF4C00573A50 /* Model */,
				5147AB362C5401B400573A50 /* SettingsView */,
				5147AB3B2C54023C00573A50 /* ThemeSettingView */,
				5147AB3D2C54025600573A50 /* WidgetSettingView */,
				5147AB3C2C54024F00573A50 /* AboutSettingView */,
				5147AB3E2C54026B00573A50 /* TestSettingView */,
				5147AB232C53FC1100573A50 /* Assets.xcassets */,
				5147AB252C53FC1100573A50 /* Preview Content */,
			);
			path = GenericSettings;
			sourceTree = "<group>";
		};
		5147AB252C53FC1100573A50 /* Preview Content */ = {
			isa = PBXGroup;
			children = (
				5147AB262C53FC1100573A50 /* Preview Assets.xcassets */,
			);
			path = "Preview Content";
			sourceTree = "<group>";
		};
		5147AB2F2C53FF4C00573A50 /* Model */ = {
			isa = PBXGroup;
			children = (
				5147AB302C53FF5D00573A50 /* Setting.swift */,
			);
			path = Model;
			sourceTree = "<group>";
		};
		5147AB342C54019400573A50 /* App */ = {
			isa = PBXGroup;
			children = (
				5147AB212C53FC1000573A50 /* ContentView.swift */,
				5147AB1F2C53FC1000573A50 /* GenericSettingsApp.swift */,
			);
			path = App;
			sourceTree = "<group>";
		};
		5147AB352C54019F00573A50 /* Components */ = {
			isa = PBXGroup;
			children = (
				5147AB322C54010A00573A50 /* SettingImage.swift */,
			);
			path = Components;
			sourceTree = "<group>";
		};
		5147AB362C5401B400573A50 /* SettingsView */ = {
			isa = PBXGroup;
			children = (
				5147AB2D2C53FEFC00573A50 /* SettingsView.swift */,
				5147AB372C5401CD00573A50 /* RootSettingView.swift */,
			);
			path = SettingsView;
			sourceTree = "<group>";
		};
		5147AB3B2C54023C00573A50 /* ThemeSettingView */ = {
			isa = PBXGroup;
			children = (
				5147AB392C54022200573A50 /* ThemeSettingView.swift */,
			);
			path = ThemeSettingView;
			sourceTree = "<group>";
		};
		5147AB3C2C54024F00573A50 /* AboutSettingView */ = {
			isa = PBXGroup;
			children = (
				5147AB412C54028800573A50 /* AboutSettingView.swift */,
			);
			path = AboutSettingView;
			sourceTree = "<group>";
		};
		5147AB3D2C54025600573A50 /* WidgetSettingView */ = {
			isa = PBXGroup;
			children = (
				5147AB3F2C54027D00573A50 /* WidgetSettingView.swift */,
			);
			path = WidgetSettingView;
			sourceTree = "<group>";
		};
		5147AB3E2C54026B00573A50 /* TestSettingView */ = {
			isa = PBXGroup;
			children = (
				5147AB432C54028F00573A50 /* TestSettingView.swift */,
			);
			path = TestSettingView;
			sourceTree = "<group>";
		};
/* End PBXGroup section */

/* Begin PBXNativeTarget section */
		5147AB1B2C53FC1000573A50 /* GenericSettings */ = {
			isa = PBXNativeTarget;
			buildConfigurationList = 5147AB2A2C53FC1100573A50 /* Build configuration list for PBXNativeTarget "GenericSettings" */;
			buildPhases = (
				5147AB182C53FC1000573A50 /* Sources */,
				5147AB192C53FC1000573A50 /* Frameworks */,
				5147AB1A2C53FC1000573A50 /* Resources */,
			);
			buildRules = (
			);
			dependencies = (
			);
			name = GenericSettings;
			productName = GenericSettings;
			productReference = 5147AB1C2C53FC1000573A50 /* GenericSettings.app */;
			productType = "com.apple.product-type.application";
		};
/* End PBXNativeTarget section */

/* Begin PBXProject section */
		5147AB142C53FC1000573A50 /* Project object */ = {
			isa = PBXProject;
			attributes = {
				BuildIndependentTargetsInParallel = 1;
				LastSwiftUpdateCheck = 1540;
				LastUpgradeCheck = 1540;
				TargetAttributes = {
					5147AB1B2C53FC1000573A50 = {
						CreatedOnToolsVersion = 15.4;
					};
				};
			};
			buildConfigurationList = 5147AB172C53FC1000573A50 /* Build configuration list for PBXProject "GenericSettings" */;
			compatibilityVersion = "Xcode 14.0";
			developmentRegion = en;
			hasScannedForEncodings = 0;
			knownRegions = (
				en,
				Base,
			);
			mainGroup = 5147AB132C53FC1000573A50;
			productRefGroup = 5147AB1D2C53FC1000573A50 /* Products */;
			projectDirPath = "";
			projectRoot = "";
			targets = (
				5147AB1B2C53FC1000573A50 /* GenericSettings */,
			);
		};
/* End PBXProject section */

/* Begin PBXResourcesBuildPhase section */
		5147AB1A2C53FC1000573A50 /* Resources */ = {
			isa = PBXResourcesBuildPhase;
			buildActionMask = 2147483647;
			files = (
				5147AB272C53FC1100573A50 /* Preview Assets.xcassets in Resources */,
				5147AB242C53FC1100573A50 /* Assets.xcassets in Resources */,
			);
			runOnlyForDeploymentPostprocessing = 0;
		};
/* End PBXResourcesBuildPhase section */

/* Begin PBXSourcesBuildPhase section */
		5147AB182C53FC1000573A50 /* Sources */ = {
			isa = PBXSourcesBuildPhase;
			buildActionMask = 2147483647;
			files = (
				5147AB3A2C54022200573A50 /* ThemeSettingView.swift in Sources */,
				5147AB2E2C53FEFC00573A50 /* SettingsView.swift in Sources */,
				5147AB382C5401CD00573A50 /* RootSettingView.swift in Sources */,
				5147AB442C54028F00573A50 /* TestSettingView.swift in Sources */,
				5147AB222C53FC1000573A50 /* ContentView.swift in Sources */,
				5147AB422C54028800573A50 /* AboutSettingView.swift in Sources */,
				5147AB312C53FF5D00573A50 /* Setting.swift in Sources */,
				5147AB332C54010A00573A50 /* SettingImage.swift in Sources */,
				5147AB202C53FC1000573A50 /* GenericSettingsApp.swift in Sources */,
				5147AB402C54027E00573A50 /* WidgetSettingView.swift in Sources */,
			);
			runOnlyForDeploymentPostprocessing = 0;
		};
/* End PBXSourcesBuildPhase section */

/* Begin XCBuildConfiguration section */
		5147AB282C53FC1100573A50 /* Debug */ = {
			isa = XCBuildConfiguration;
			buildSettings = {
				ALWAYS_SEARCH_USER_PATHS = NO;
				ASSETCATALOG_COMPILER_GENERATE_SWIFT_ASSET_SYMBOL_EXTENSIONS = YES;
				CLANG_ANALYZER_NONNULL = YES;
				CLANG_ANALYZER_NUMBER_OBJECT_CONVERSION = YES_AGGRESSIVE;
				CLANG_CXX_LANGUAGE_STANDARD = "gnu++20";
				CLANG_ENABLE_MODULES = YES;
				CLANG_ENABLE_OBJC_ARC = YES;
				CLANG_ENABLE_OBJC_WEAK = YES;
				CLANG_WARN_BLOCK_CAPTURE_AUTORELEASING = YES;
				CLANG_WARN_BOOL_CONVERSION = YES;
				CLANG_WARN_COMMA = YES;
				CLANG_WARN_CONSTANT_CONVERSION = YES;
				CLANG_WARN_DEPRECATED_OBJC_IMPLEMENTATIONS = YES;
				CLANG_WARN_DIRECT_OBJC_ISA_USAGE = YES_ERROR;
				CLANG_WARN_DOCUMENTATION_COMMENTS = YES;
				CLANG_WARN_EMPTY_BODY = YES;
				CLANG_WARN_ENUM_CONVERSION = YES;
				CLANG_WARN_INFINITE_RECURSION = YES;
				CLANG_WARN_INT_CONVERSION = YES;
				CLANG_WARN_NON_LITERAL_NULL_CONVERSION = YES;
				CLANG_WARN_OBJC_IMPLICIT_RETAIN_SELF = YES;
				CLANG_WARN_OBJC_LITERAL_CONVERSION = YES;
				CLANG_WARN_OBJC_ROOT_CLASS = YES_ERROR;
				CLANG_WARN_QUOTED_INCLUDE_IN_FRAMEWORK_HEADER = YES;
				CLANG_WARN_RANGE_LOOP_ANALYSIS = YES;
				CLANG_WARN_STRICT_PROTOTYPES = YES;
				CLANG_WARN_SUSPICIOUS_MOVE = YES;
				CLANG_WARN_UNGUARDED_AVAILABILITY = YES_AGGRESSIVE;
				CLANG_WARN_UNREACHABLE_CODE = YES;
				CLANG_WARN__DUPLICATE_METHOD_MATCH = YES;
				COPY_PHASE_STRIP = NO;
				DEBUG_INFORMATION_FORMAT = dwarf;
				ENABLE_STRICT_OBJC_MSGSEND = YES;
				ENABLE_TESTABILITY = YES;
				ENABLE_USER_SCRIPT_SANDBOXING = YES;
				GCC_C_LANGUAGE_STANDARD = gnu17;
				GCC_DYNAMIC_NO_PIC = NO;
				GCC_NO_COMMON_BLOCKS = YES;
				GCC_OPTIMIZATION_LEVEL = 0;
				GCC_PREPROCESSOR_DEFINITIONS = (
					"DEBUG=1",
					"$(inherited)",
				);
				GCC_WARN_64_TO_32_BIT_CONVERSION = YES;
				GCC_WARN_ABOUT_RETURN_TYPE = YES_ERROR;
				GCC_WARN_UNDECLARED_SELECTOR = YES;
				GCC_WARN_UNINITIALIZED_AUTOS = YES_AGGRESSIVE;
				GCC_WARN_UNUSED_FUNCTION = YES;
				GCC_WARN_UNUSED_VARIABLE = YES;
				IPHONEOS_DEPLOYMENT_TARGET = 17.5;
				LOCALIZATION_PREFERS_STRING_CATALOGS = YES;
				MTL_ENABLE_DEBUG_INFO = INCLUDE_SOURCE;
				MTL_FAST_MATH = YES;
				ONLY_ACTIVE_ARCH = YES;
				SDKROOT = iphoneos;
				SWIFT_ACTIVE_COMPILATION_CONDITIONS = "DEBUG $(inherited)";
				SWIFT_OPTIMIZATION_LEVEL = "-Onone";
			};
			name = Debug;
		};
		5147AB292C53FC1100573A50 /* Release */ = {
			isa = XCBuildConfiguration;
			buildSettings = {
				ALWAYS_SEARCH_USER_PATHS = NO;
				ASSETCATALOG_COMPILER_GENERATE_SWIFT_ASSET_SYMBOL_EXTENSIONS = YES;
				CLANG_ANALYZER_NONNULL = YES;
				CLANG_ANALYZER_NUMBER_OBJECT_CONVERSION = YES_AGGRESSIVE;
				CLANG_CXX_LANGUAGE_STANDARD = "gnu++20";
				CLANG_ENABLE_MODULES = YES;
				CLANG_ENABLE_OBJC_ARC = YES;
				CLANG_ENABLE_OBJC_WEAK = YES;
				CLANG_WARN_BLOCK_CAPTURE_AUTORELEASING = YES;
				CLANG_WARN_BOOL_CONVERSION = YES;
				CLANG_WARN_COMMA = YES;
				CLANG_WARN_CONSTANT_CONVERSION = YES;
				CLANG_WARN_DEPRECATED_OBJC_IMPLEMENTATIONS = YES;
				CLANG_WARN_DIRECT_OBJC_ISA_USAGE = YES_ERROR;
				CLANG_WARN_DOCUMENTATION_COMMENTS = YES;
				CLANG_WARN_EMPTY_BODY = YES;
				CLANG_WARN_ENUM_CONVERSION = YES;
				CLANG_WARN_INFINITE_RECURSION = YES;
				CLANG_WARN_INT_CONVERSION = YES;
				CLANG_WARN_NON_LITERAL_NULL_CONVERSION = YES;
				CLANG_WARN_OBJC_IMPLICIT_RETAIN_SELF = YES;
				CLANG_WARN_OBJC_LITERAL_CONVERSION = YES;
				CLANG_WARN_OBJC_ROOT_CLASS = YES_ERROR;
				CLANG_WARN_QUOTED_INCLUDE_IN_FRAMEWORK_HEADER = YES;
				CLANG_WARN_RANGE_LOOP_ANALYSIS = YES;
				CLANG_WARN_STRICT_PROTOTYPES = YES;
				CLANG_WARN_SUSPICIOUS_MOVE = YES;
				CLANG_WARN_UNGUARDED_AVAILABILITY = YES_AGGRESSIVE;
				CLANG_WARN_UNREACHABLE_CODE = YES;
				CLANG_WARN__DUPLICATE_METHOD_MATCH = YES;
				COPY_PHASE_STRIP = NO;
				DEBUG_INFORMATION_FORMAT = "dwarf-with-dsym";
				ENABLE_NS_ASSERTIONS = NO;
				ENABLE_STRICT_OBJC_MSGSEND = YES;
				ENABLE_USER_SCRIPT_SANDBOXING = YES;
				GCC_C_LANGUAGE_STANDARD = gnu17;
				GCC_NO_COMMON_BLOCKS = YES;
				GCC_WARN_64_TO_32_BIT_CONVERSION = YES;
				GCC_WARN_ABOUT_RETURN_TYPE = YES_ERROR;
				GCC_WARN_UNDECLARED_SELECTOR = YES;
				GCC_WARN_UNINITIALIZED_AUTOS = YES_AGGRESSIVE;
				GCC_WARN_UNUSED_FUNCTION = YES;
				GCC_WARN_UNUSED_VARIABLE = YES;
				IPHONEOS_DEPLOYMENT_TARGET = 17.5;
				LOCALIZATION_PREFERS_STRING_CATALOGS = YES;
				MTL_ENABLE_DEBUG_INFO = NO;
				MTL_FAST_MATH = YES;
				SDKROOT = iphoneos;
				SWIFT_COMPILATION_MODE = wholemodule;
				VALIDATE_PRODUCT = YES;
			};
			name = Release;
		};
		5147AB2B2C53FC1100573A50 /* Debug */ = {
			isa = XCBuildConfiguration;
			buildSettings = {
				ASSETCATALOG_COMPILER_APPICON_NAME = AppIcon;
				ASSETCATALOG_COMPILER_GLOBAL_ACCENT_COLOR_NAME = AccentColor;
				CODE_SIGN_STYLE = Automatic;
				CURRENT_PROJECT_VERSION = 1;
				DEVELOPMENT_ASSET_PATHS = "\"GenericSettings/Preview Content\"";
				DEVELOPMENT_TEAM = 6DJTCJY48F;
				ENABLE_PREVIEWS = YES;
				GENERATE_INFOPLIST_FILE = YES;
				INFOPLIST_KEY_UIApplicationSceneManifest_Generation = YES;
				INFOPLIST_KEY_UIApplicationSupportsIndirectInputEvents = YES;
				INFOPLIST_KEY_UILaunchScreen_Generation = YES;
				INFOPLIST_KEY_UISupportedInterfaceOrientations_iPad = "UIInterfaceOrientationPortrait UIInterfaceOrientationPortraitUpsideDown UIInterfaceOrientationLandscapeLeft UIInterfaceOrientationLandscapeRight";
				INFOPLIST_KEY_UISupportedInterfaceOrientations_iPhone = "UIInterfaceOrientationPortrait UIInterfaceOrientationLandscapeLeft UIInterfaceOrientationLandscapeRight";
				LD_RUNPATH_SEARCH_PATHS = (
					"$(inherited)",
					"@executable_path/Frameworks",
				);
				MARKETING_VERSION = 1.0;
				PRODUCT_BUNDLE_IDENTIFIER = carolanelefebvre.GenericSettings;
				PRODUCT_NAME = "$(TARGET_NAME)";
				SWIFT_EMIT_LOC_STRINGS = YES;
				SWIFT_VERSION = 5.0;
				TARGETED_DEVICE_FAMILY = "1,2";
			};
			name = Debug;
		};
		5147AB2C2C53FC1100573A50 /* Release */ = {
			isa = XCBuildConfiguration;
			buildSettings = {
				ASSETCATALOG_COMPILER_APPICON_NAME = AppIcon;
				ASSETCATALOG_COMPILER_GLOBAL_ACCENT_COLOR_NAME = AccentColor;
				CODE_SIGN_STYLE = Automatic;
				CURRENT_PROJECT_VERSION = 1;
				DEVELOPMENT_ASSET_PATHS = "\"GenericSettings/Preview Content\"";
				DEVELOPMENT_TEAM = 6DJTCJY48F;
				ENABLE_PREVIEWS = YES;
				GENERATE_INFOPLIST_FILE = YES;
				INFOPLIST_KEY_UIApplicationSceneManifest_Generation = YES;
				INFOPLIST_KEY_UIApplicationSupportsIndirectInputEvents = YES;
				INFOPLIST_KEY_UILaunchScreen_Generation = YES;
				INFOPLIST_KEY_UISupportedInterfaceOrientations_iPad = "UIInterfaceOrientationPortrait UIInterfaceOrientationPortraitUpsideDown UIInterfaceOrientationLandscapeLeft UIInterfaceOrientationLandscapeRight";
				INFOPLIST_KEY_UISupportedInterfaceOrientations_iPhone = "UIInterfaceOrientationPortrait UIInterfaceOrientationLandscapeLeft UIInterfaceOrientationLandscapeRight";
				LD_RUNPATH_SEARCH_PATHS = (
					"$(inherited)",
					"@executable_path/Frameworks",
				);
				MARKETING_VERSION = 1.0;
				PRODUCT_BUNDLE_IDENTIFIER = carolanelefebvre.GenericSettings;
				PRODUCT_NAME = "$(TARGET_NAME)";
				SWIFT_EMIT_LOC_STRINGS = YES;
				SWIFT_VERSION = 5.0;
				TARGETED_DEVICE_FAMILY = "1,2";
			};
			name = Release;
		};
/* End XCBuildConfiguration section */

/* Begin XCConfigurationList section */
		5147AB172C53FC1000573A50 /* Build configuration list for PBXProject "GenericSettings" */ = {
			isa = XCConfigurationList;
			buildConfigurations = (
				5147AB282C53FC1100573A50 /* Debug */,
				5147AB292C53FC1100573A50 /* Release */,
			);
			defaultConfigurationIsVisible = 0;
			defaultConfigurationName = Release;
		};
		5147AB2A2C53FC1100573A50 /* Build configuration list for PBXNativeTarget "GenericSettings" */ = {
			isa = XCConfigurationList;
			buildConfigurations = (
				5147AB2B2C53FC1100573A50 /* Debug */,
				5147AB2C2C53FC1100573A50 /* Release */,
			);
			defaultConfigurationIsVisible = 0;
			defaultConfigurationName = Release;
		};
/* End XCConfigurationList section */
	};
	rootObject = 5147AB142C53FC1000573A50 /* Project object */;
}
